
Microsoft Visual Studio Solution File, Format Version 12.00
# Visual Studio Version 17
VisualStudioVersion = 17.4.33213.308
MinimumVisualStudioVersion = 10.0.40219.1
Project("{FAE04EC0-301F-11D3-BF4B-00C04F79EFBC}") = "Building Materials", "Building Materials\Building Materials.csproj", "{39673F81-D084-430A-9257-F7FC3D2AD886}"
EndProject
Global
	GlobalSection(SolutionConfigurationPlatforms) = preSolution
		Debug|Any CPU = Debug|Any CPU
		Release|Any CPU = Release|Any CPU
	EndGlobalSection
	GlobalSection(ProjectConfigurationPlatforms) = postSolution
		{39673F81-D084-430A-9257-F7FC3D2AD886}.Debug|Any CPU.ActiveCfg = Debug|Any CPU
		{39673F81-D084-430A-9257-F7FC3D2AD886}.Debug|Any CPU.Build.0 = Debug|Any CPU
		{39673F81-D084-430A-9257-F7FC3D2AD886}.Release|Any CPU.ActiveCfg = Release|Any CPU
		{39673F81-D084-430A-9257-F7FC3D2AD886}.Release|Any CPU.Build.0 = Release|Any CPU
	EndGlobalSection
	GlobalSection(SolutionProperties) = preSolution
		HideSolutionNode = FALSE
	EndGlobalSection
	GlobalSection(ExtensibilityGlobals) = postSolution
		SolutionGuid = {FD1BABA9-45BC-4E80-9FFF-7D828FC5279C}
	EndGlobalSection
EndGlobal
